<Solution>
  <Project Path="ThoughtNote.Cli/ThoughtNote.Cli.csproj">
    <Build Solution="Debug|*" Project="false" />
  </Project>
  <Project Path="ThoughtNote.Core/ThoughtNote.Core.csproj" />
  <Project Path="ThoughtNote.Infrastructure/ThoughtNote.Infrastructure.csproj" />
  <Project Path="ThoughtNote.WPF/ThoughtNote.WPF.csproj" />
</Solution>
